
Microsoft Visual Studio Solution File, Format Version 12.00
# Visual Studio Version 17
VisualStudioVersion = 17.1.32228.430
MinimumVisualStudioVersion = 10.0.40219.1
Project("{FAE04EC0-301F-11D3-BF4B-00C04F79EFBC}") = "InspectionAPI", "InspectionAPI\InspectionAPI.csproj", "{F8C82C90-C6C3-4294-8793-F7CCCF812538}"
EndProject
Global
	GlobalSection(SolutionConfigurationPlatforms) = preSolution
		Debug|Any CPU = Debug|Any CPU
		Release|Any CPU = Release|Any CPU
	EndGlobalSection
	GlobalSection(ProjectConfigurationPlatforms) = postSolution
		{F8C82C90-C6C3-4294-8793-F7CCCF812538}.Debug|Any CPU.ActiveCfg = Debug|Any CPU
		{F8C82C90-C6C3-4294-8793-F7CCCF812538}.Debug|Any CPU.Build.0 = Debug|Any CPU
		{F8C82C90-C6C3-4294-8793-F7CCCF812538}.Release|Any CPU.ActiveCfg = Release|Any CPU
		{F8C82C90-C6C3-4294-8793-F7CCCF812538}.Release|Any CPU.Build.0 = Release|Any CPU
	EndGlobalSection
	GlobalSection(SolutionProperties) = preSolution
		HideSolutionNode = FALSE
	EndGlobalSection
	GlobalSection(ExtensibilityGlobals) = postSolution
		SolutionGuid = {18755DF7-6E85-45A6-BD85-3EF181DE487D}
	EndGlobalSection
EndGlobal
